// !$*UTF8*$!
{
	archiveVersion = 1;
	classes = {
	};
	objectVersion = 55;
	objects = {

/* Begin PBXBuildFile section */
		DF2EA9B927CFAB92001A5020 /* LandmarksApp.swift in Sources */ = {isa = PBXBuildFile; fileRef = DF2EA9B827CFAB92001A5020 /* LandmarksApp.swift */; };
		DF2EA9BB27CFAB92001A5020 /* ContentView.swift in Sources */ = {isa = PBXBuildFile; fileRef = DF2EA9BA27CFAB92001A5020 /* ContentView.swift */; };
		DF2EA9BD27CFAB93001A5020 /* Assets.xcassets in Resources */ = {isa = PBXBuildFile; fileRef = DF2EA9BC27CFAB93001A5020 /* Assets.xcassets */; };
		DF2EA9C027CFAB93001A5020 /* Preview Assets.xcassets in Resources */ = {isa = PBXBuildFile; fileRef = DF2EA9BF27CFAB93001A5020 /* Preview Assets.xcassets */; };
		DF2EA9CA27CFAB93001A5020 /* LandmarksTests.swift in Sources */ = {isa = PBXBuildFile; fileRef = DF2EA9C927CFAB93001A5020 /* LandmarksTests.swift */; };
		DF2EA9D427CFAB93001A5020 /* LandmarksUITests.swift in Sources */ = {isa = PBXBuildFile; fileRef = DF2EA9D327CFAB93001A5020 /* LandmarksUITests.swift */; };
		DF2EA9D627CFAB93001A5020 /* LandmarksUITestsLaunchTests.swift in Sources */ = {isa = PBXBuildFile; fileRef = DF2EA9D527CFAB93001A5020 /* LandmarksUITestsLaunchTests.swift */; };
		DF2EA9E327D0F9E4001A5020 /* CircularImage.swift in Sources */ = {isa = PBXBuildFile; fileRef = DF2EA9E227D0F9E4001A5020 /* CircularImage.swift */; };
		DF2EA9E527D0FBB1001A5020 /* MapView.swift in Sources */ = {isa = PBXBuildFile; fileRef = DF2EA9E427D0FBB1001A5020 /* MapView.swift */; };
		DF2EA9E727D105FA001A5020 /* landmarkData.json in Resources */ = {isa = PBXBuildFile; fileRef = DF2EA9E627D105FA001A5020 /* landmarkData.json */; };
		DF2EA9E927D1061E001A5020 /* Landmark.swift in Sources */ = {isa = PBXBuildFile; fileRef = DF2EA9E827D1061E001A5020 /* Landmark.swift */; };
		DF2EA9EB27D10847001A5020 /* ModelData.swift in Sources */ = {isa = PBXBuildFile; fileRef = DF2EA9EA27D10847001A5020 /* ModelData.swift */; };
		DF2EA9F027D10DF6001A5020 /* LandmarkRow.swift in Sources */ = {isa = PBXBuildFile; fileRef = DF2EA9EF27D10DF6001A5020 /* LandmarkRow.swift */; };
		DF2EA9F227D158FA001A5020 /* LandmarksList.swift in Sources */ = {isa = PBXBuildFile; fileRef = DF2EA9F127D158FA001A5020 /* LandmarksList.swift */; };
		DF2EA9F427D252AF001A5020 /* LandmarkDetail.swift in Sources */ = {isa = PBXBuildFile; fileRef = DF2EA9F327D252AF001A5020 /* LandmarkDetail.swift */; };
		DF2EA9F927D2ADEA001A5020 /* FavoriteButton.swift in Sources */ = {isa = PBXBuildFile; fileRef = DF2EA9F827D2ADEA001A5020 /* FavoriteButton.swift */; };
		DF2EA9FD27D3CB03001A5020 /* HexagonParameters.swift in Sources */ = {isa = PBXBuildFile; fileRef = DF2EA9FC27D3CB03001A5020 /* HexagonParameters.swift */; };
		DF2EA9FF27D3CDE9001A5020 /* BadgeBackground.swift in Sources */ = {isa = PBXBuildFile; fileRef = DF2EA9FE27D3CDE9001A5020 /* BadgeBackground.swift */; };
		DF2EAA0127D3D604001A5020 /* BadgeSymbol.swift in Sources */ = {isa = PBXBuildFile; fileRef = DF2EAA0027D3D604001A5020 /* BadgeSymbol.swift */; };
		DF2EAA0327D3D82E001A5020 /* RotatedBadgeSymbol.swift in Sources */ = {isa = PBXBuildFile; fileRef = DF2EAA0227D3D82E001A5020 /* RotatedBadgeSymbol.swift */; };
		DF2EAA0527D3D8FF001A5020 /* Badge.swift in Sources */ = {isa = PBXBuildFile; fileRef = DF2EAA0427D3D8FF001A5020 /* Badge.swift */; };
		DF2EAA0827D3DED0001A5020 /* hikeData.json in Resources */ = {isa = PBXBuildFile; fileRef = DF2EAA0727D3DED0001A5020 /* hikeData.json */; };
		DF2EAA0A27D3E779001A5020 /* Hike.swift in Sources */ = {isa = PBXBuildFile; fileRef = DF2EAA0927D3E779001A5020 /* Hike.swift */; };
		DF2EAA1027D3E8AB001A5020 /* GraphCapsule.swift in Sources */ = {isa = PBXBuildFile; fileRef = DF2EAA0C27D3E8AB001A5020 /* GraphCapsule.swift */; };
		DF2EAA1127D3E8AB001A5020 /* HikeGraph.swift in Sources */ = {isa = PBXBuildFile; fileRef = DF2EAA0D27D3E8AB001A5020 /* HikeGraph.swift */; };
		DF2EAA1227D3E8AB001A5020 /* HikeDetail.swift in Sources */ = {isa = PBXBuildFile; fileRef = DF2EAA0E27D3E8AB001A5020 /* HikeDetail.swift */; };
		DF2EAA1327D3E8AB001A5020 /* HikeView.swift in Sources */ = {isa = PBXBuildFile; fileRef = DF2EAA0F27D3E8AB001A5020 /* HikeView.swift */; };
/* End PBXBuildFile section */

/* Begin PBXContainerItemProxy section */
		DF2EA9C627CFAB93001A5020 /* PBXContainerItemProxy */ = {
			isa = PBXContainerItemProxy;
			containerPortal = DF2EA9AD27CFAB92001A5020 /* Project object */;
			proxyType = 1;
			remoteGlobalIDString = DF2EA9B427CFAB92001A5020;
			remoteInfo = Landmarks;
		};
		DF2EA9D027CFAB93001A5020 /* PBXContainerItemProxy */ = {
			isa = PBXContainerItemProxy;
			containerPortal = DF2EA9AD27CFAB92001A5020 /* Project object */;
			proxyType = 1;
			remoteGlobalIDString = DF2EA9B427CFAB92001A5020;
			remoteInfo = Landmarks;
		};
/* End PBXContainerItemProxy section */

/* Begin PBXFileReference section */
		DF2EA9B527CFAB92001A5020 /* Landmarks.app */ = {isa = PBXFileReference; explicitFileType = wrapper.application; includeInIndex = 0; path = Landmarks.app; sourceTree = BUILT_PRODUCTS_DIR; };
		DF2EA9B827CFAB92001A5020 /* LandmarksApp.swift */ = {isa = PBXFileReference; lastKnownFileType = sourcecode.swift; path = LandmarksApp.swift; sourceTree = "<group>"; };
		DF2EA9BA27CFAB92001A5020 /* ContentView.swift */ = {isa = PBXFileReference; lastKnownFileType = sourcecode.swift; path = ContentView.swift; sourceTree = "<group>"; };
		DF2EA9BC27CFAB93001A5020 /* Assets.xcassets */ = {isa = PBXFileReference; lastKnownFileType = folder.assetcatalog; path = Assets.xcassets; sourceTree = "<group>"; };
		DF2EA9BF27CFAB93001A5020 /* Preview Assets.xcassets */ = {isa = PBXFileReference; lastKnownFileType = folder.assetcatalog; path = "Preview Assets.xcassets"; sourceTree = "<group>"; };
		DF2EA9C527CFAB93001A5020 /* LandmarksTests.xctest */ = {isa = PBXFileReference; explicitFileType = wrapper.cfbundle; includeInIndex = 0; path = LandmarksTests.xctest; sourceTree = BUILT_PRODUCTS_DIR; };
		DF2EA9C927CFAB93001A5020 /* LandmarksTests.swift */ = {isa = PBXFileReference; lastKnownFileType = sourcecode.swift; path = LandmarksTests.swift; sourceTree = "<group>"; };
		DF2EA9CF27CFAB93001A5020 /* LandmarksUITests.xctest */ = {isa = PBXFileReference; explicitFileType = wrapper.cfbundle; includeInIndex = 0; path = LandmarksUITests.xctest; sourceTree = BUILT_PRODUCTS_DIR; };
		DF2EA9D327CFAB93001A5020 /* LandmarksUITests.swift */ = {isa = PBXFileReference; lastKnownFileType = sourcecode.swift; path = LandmarksUITests.swift; sourceTree = "<group>"; };
		DF2EA9D527CFAB93001A5020 /* LandmarksUITestsLaunchTests.swift */ = {isa = PBXFileReference; lastKnownFileType = sourcecode.swift; path = LandmarksUITestsLaunchTests.swift; sourceTree = "<group>"; };
		DF2EA9E227D0F9E4001A5020 /* CircularImage.swift */ = {isa = PBXFileReference; lastKnownFileType = sourcecode.swift; path = CircularImage.swift; sourceTree = "<group>"; };
		DF2EA9E427D0FBB1001A5020 /* MapView.swift */ = {isa = PBXFileReference; lastKnownFileType = sourcecode.swift; path = MapView.swift; sourceTree = "<group>"; };
		DF2EA9E627D105FA001A5020 /* landmarkData.json */ = {isa = PBXFileReference; fileEncoding = 4; lastKnownFileType = text.json; path = landmarkData.json; sourceTree = "<group>"; };
		DF2EA9E827D1061E001A5020 /* Landmark.swift */ = {isa = PBXFileReference; lastKnownFileType = sourcecode.swift; path = Landmark.swift; sourceTree = "<group>"; };
		DF2EA9EA27D10847001A5020 /* ModelData.swift */ = {isa = PBXFileReference; lastKnownFileType = sourcecode.swift; path = ModelData.swift; sourceTree = "<group>"; };
		DF2EA9EF27D10DF6001A5020 /* LandmarkRow.swift */ = {isa = PBXFileReference; lastKnownFileType = sourcecode.swift; path = LandmarkRow.swift; sourceTree = "<group>"; };
		DF2EA9F127D158FA001A5020 /* LandmarksList.swift */ = {isa = PBXFileReference; lastKnownFileType = sourcecode.swift; path = LandmarksList.swift; sourceTree = "<group>"; };
		DF2EA9F327D252AF001A5020 /* LandmarkDetail.swift */ = {isa = PBXFileReference; lastKnownFileType = sourcecode.swift; path = LandmarkDetail.swift; sourceTree = "<group>"; };
		DF2EA9F827D2ADEA001A5020 /* FavoriteButton.swift */ = {isa = PBXFileReference; lastKnownFileType = sourcecode.swift; path = FavoriteButton.swift; sourceTree = "<group>"; };
		DF2EA9FC27D3CB03001A5020 /* HexagonParameters.swift */ = {isa = PBXFileReference; lastKnownFileType = sourcecode.swift; path = HexagonParameters.swift; sourceTree = "<group>"; };
		DF2EA9FE27D3CDE9001A5020 /* BadgeBackground.swift */ = {isa = PBXFileReference; lastKnownFileType = sourcecode.swift; path = BadgeBackground.swift; sourceTree = "<group>"; };
		DF2EAA0027D3D604001A5020 /* BadgeSymbol.swift */ = {isa = PBXFileReference; lastKnownFileType = sourcecode.swift; path = BadgeSymbol.swift; sourceTree = "<group>"; };
		DF2EAA0227D3D82E001A5020 /* RotatedBadgeSymbol.swift */ = {isa = PBXFileReference; lastKnownFileType = sourcecode.swift; path = RotatedBadgeSymbol.swift; sourceTree = "<group>"; };
		DF2EAA0427D3D8FF001A5020 /* Badge.swift */ = {isa = PBXFileReference; lastKnownFileType = sourcecode.swift; path = Badge.swift; sourceTree = "<group>"; };
		DF2EAA0727D3DED0001A5020 /* hikeData.json */ = {isa = PBXFileReference; fileEncoding = 4; lastKnownFileType = text.json; path = hikeData.json; sourceTree = "<group>"; };
		DF2EAA0927D3E779001A5020 /* Hike.swift */ = {isa = PBXFileReference; lastKnownFileType = sourcecode.swift; path = Hike.swift; sourceTree = "<group>"; };
		DF2EAA0C27D3E8AB001A5020 /* GraphCapsule.swift */ = {isa = PBXFileReference; fileEncoding = 4; lastKnownFileType = sourcecode.swift; path = GraphCapsule.swift; sourceTree = "<group>"; };
		DF2EAA0D27D3E8AB001A5020 /* HikeGraph.swift */ = {isa = PBXFileReference; fileEncoding = 4; lastKnownFileType = sourcecode.swift; path = HikeGraph.swift; sourceTree = "<group>"; };
		DF2EAA0E27D3E8AB001A5020 /* HikeDetail.swift */ = {isa = PBXFileReference; fileEncoding = 4; lastKnownFileType = sourcecode.swift; path = HikeDetail.swift; sourceTree = "<group>"; };
		DF2EAA0F27D3E8AB001A5020 /* HikeView.swift */ = {isa = PBXFileReference; fileEncoding = 4; lastKnownFileType = sourcecode.swift; path = HikeView.swift; sourceTree = "<group>"; };
/* End PBXFileReference section */

/* Begin PBXFrameworksBuildPhase section */
		DF2EA9B227CFAB92001A5020 /* Frameworks */ = {
			isa = PBXFrameworksBuildPhase;
			buildActionMask = 2147483647;
			files = (
			);
			runOnlyForDeploymentPostprocessing = 0;
		};
		DF2EA9C227CFAB93001A5020 /* Frameworks */ = {
			isa = PBXFrameworksBuildPhase;
			buildActionMask = 2147483647;
			files = (
			);
			runOnlyForDeploymentPostprocessing = 0;
		};
		DF2EA9CC27CFAB93001A5020 /* Frameworks */ = {
			isa = PBXFrameworksBuildPhase;
			buildActionMask = 2147483647;
			files = (
			);
			runOnlyForDeploymentPostprocessing = 0;
		};
/* End PBXFrameworksBuildPhase section */

/* Begin PBXGroup section */
		DF2EA9AC27CFAB92001A5020 = {
			isa = PBXGroup;
			children = (
				DF2EA9B727CFAB92001A5020 /* Landmarks */,
				DF2EA9C827CFAB93001A5020 /* LandmarksTests */,
				DF2EA9D227CFAB93001A5020 /* LandmarksUITests */,
				DF2EA9B627CFAB92001A5020 /* Products */,
			);
			sourceTree = "<group>";
		};
		DF2EA9B627CFAB92001A5020 /* Products */ = {
			isa = PBXGroup;
			children = (
				DF2EA9B527CFAB92001A5020 /* Landmarks.app */,
				DF2EA9C527CFAB93001A5020 /* LandmarksTests.xctest */,
				DF2EA9CF27CFAB93001A5020 /* LandmarksUITests.xctest */,
			);
			name = Products;
			sourceTree = "<group>";
		};
		DF2EA9B727CFAB92001A5020 /* Landmarks */ = {
			isa = PBXGroup;
			children = (
				DF2EA9B827CFAB92001A5020 /* LandmarksApp.swift */,
				DF2EA9EC27D10CB6001A5020 /* Views */,
				DF2EA9EE27D10CE5001A5020 /* Model */,
				DF2EA9ED27D10CDB001A5020 /* Resources */,
				DF2EA9BE27CFAB93001A5020 /* Preview Content */,
			);
			path = Landmarks;
			sourceTree = "<group>";
		};
		DF2EA9BE27CFAB93001A5020 /* Preview Content */ = {
			isa = PBXGroup;
			children = (
				DF2EA9BF27CFAB93001A5020 /* Preview Assets.xcassets */,
			);
			path = "Preview Content";
			sourceTree = "<group>";
		};
		DF2EA9C827CFAB93001A5020 /* LandmarksTests */ = {
			isa = PBXGroup;
			children = (
				DF2EA9C927CFAB93001A5020 /* LandmarksTests.swift */,
			);
			path = LandmarksTests;
			sourceTree = "<group>";
		};
		DF2EA9D227CFAB93001A5020 /* LandmarksUITests */ = {
			isa = PBXGroup;
			children = (
				DF2EA9D327CFAB93001A5020 /* LandmarksUITests.swift */,
				DF2EA9D527CFAB93001A5020 /* LandmarksUITestsLaunchTests.swift */,
			);
			path = LandmarksUITests;
			sourceTree = "<group>";
		};
		DF2EA9EC27D10CB6001A5020 /* Views */ = {
			isa = PBXGroup;
			children = (
				DF2EA9BA27CFAB92001A5020 /* ContentView.swift */,
				DF2EA9FA27D2AFC0001A5020 /* Helpers */,
				DF2EA9FB27D2AFD1001A5020 /* Landmarks */,
				DF2EAA0627D3DC72001A5020 /* Badges */,
				DF2EAA0B27D3E8AB001A5020 /* Hikes */,
			);
			path = Views;
			sourceTree = "<group>";
		};
		DF2EA9ED27D10CDB001A5020 /* Resources */ = {
			isa = PBXGroup;
			children = (
				DF2EA9E627D105FA001A5020 /* landmarkData.json */,
				DF2EAA0727D3DED0001A5020 /* hikeData.json */,
				DF2EA9BC27CFAB93001A5020 /* Assets.xcassets */,
			);
			path = Resources;
			sourceTree = "<group>";
		};
		DF2EA9EE27D10CE5001A5020 /* Model */ = {
			isa = PBXGroup;
			children = (
				DF2EA9E827D1061E001A5020 /* Landmark.swift */,
				DF2EA9EA27D10847001A5020 /* ModelData.swift */,
				DF2EAA0927D3E779001A5020 /* Hike.swift */,
			);
			path = Model;
			sourceTree = "<group>";
		};
		DF2EA9FA27D2AFC0001A5020 /* Helpers */ = {
			isa = PBXGroup;
			children = (
				DF2EA9E227D0F9E4001A5020 /* CircularImage.swift */,
				DF2EA9E427D0FBB1001A5020 /* MapView.swift */,
				DF2EA9F827D2ADEA001A5020 /* FavoriteButton.swift */,
			);
			path = Helpers;
			sourceTree = "<group>";
		};
		DF2EA9FB27D2AFD1001A5020 /* Landmarks */ = {
			isa = PBXGroup;
			children = (
				DF2EA9EF27D10DF6001A5020 /* LandmarkRow.swift */,
				DF2EA9F127D158FA001A5020 /* LandmarksList.swift */,
				DF2EA9F327D252AF001A5020 /* LandmarkDetail.swift */,
			);
			path = Landmarks;
			sourceTree = "<group>";
		};
		DF2EAA0627D3DC72001A5020 /* Badges */ = {
			isa = PBXGroup;
			children = (
				DF2EA9FC27D3CB03001A5020 /* HexagonParameters.swift */,
				DF2EA9FE27D3CDE9001A5020 /* BadgeBackground.swift */,
				DF2EAA0027D3D604001A5020 /* BadgeSymbol.swift */,
				DF2EAA0227D3D82E001A5020 /* RotatedBadgeSymbol.swift */,
				DF2EAA0427D3D8FF001A5020 /* Badge.swift */,
			);
			path = Badges;
			sourceTree = "<group>";
		};
		DF2EAA0B27D3E8AB001A5020 /* Hikes */ = {
			isa = PBXGroup;
			children = (
				DF2EAA0C27D3E8AB001A5020 /* GraphCapsule.swift */,
				DF2EAA0D27D3E8AB001A5020 /* HikeGraph.swift */,
				DF2EAA0E27D3E8AB001A5020 /* HikeDetail.swift */,
				DF2EAA0F27D3E8AB001A5020 /* HikeView.swift */,
			);
			path = Hikes;
			sourceTree = "<group>";
		};
/* End PBXGroup section */

/* Begin PBXNativeTarget section */
		DF2EA9B427CFAB92001A5020 /* Landmarks */ = {
			isa = PBXNativeTarget;
			buildConfigurationList = DF2EA9D927CFAB93001A5020 /* Build configuration list for PBXNativeTarget "Landmarks" */;
			buildPhases = (
				DF2EA9B127CFAB92001A5020 /* Sources */,
				DF2EA9B227CFAB92001A5020 /* Frameworks */,
				DF2EA9B327CFAB92001A5020 /* Resources */,
			);
			buildRules = (
			);
			dependencies = (
			);
			name = Landmarks;
			productName = Landmarks;
			productReference = DF2EA9B527CFAB92001A5020 /* Landmarks.app */;
			productType = "com.apple.product-type.application";
		};
		DF2EA9C427CFAB93001A5020 /* LandmarksTests */ = {
			isa = PBXNativeTarget;
			buildConfigurationList = DF2EA9DC27CFAB93001A5020 /* Build configuration list for PBXNativeTarget "LandmarksTests" */;
			buildPhases = (
				DF2EA9C127CFAB93001A5020 /* Sources */,
				DF2EA9C227CFAB93001A5020 /* Frameworks */,
				DF2EA9C327CFAB93001A5020 /* Resources */,
			);
			buildRules = (
			);
			dependencies = (
				DF2EA9C727CFAB93001A5020 /* PBXTargetDependency */,
			);
			name = LandmarksTests;
			productName = LandmarksTests;
			productReference = DF2EA9C527CFAB93001A5020 /* LandmarksTests.xctest */;
			productType = "com.apple.product-type.bundle.unit-test";
		};
		DF2EA9CE27CFAB93001A5020 /* LandmarksUITests */ = {
			isa = PBXNativeTarget;
			buildConfigurationList = DF2EA9DF27CFAB93001A5020 /* Build configuration list for PBXNativeTarget "LandmarksUITests" */;
			buildPhases = (
				DF2EA9CB27CFAB93001A5020 /* Sources */,
				DF2EA9CC27CFAB93001A5020 /* Frameworks */,
				DF2EA9CD27CFAB93001A5020 /* Resources */,
			);
			buildRules = (
			);
			dependencies = (
				DF2EA9D127CFAB93001A5020 /* PBXTargetDependency */,
			);
			name = LandmarksUITests;
			productName = LandmarksUITests;
			productReference = DF2EA9CF27CFAB93001A5020 /* LandmarksUITests.xctest */;
			productType = "com.apple.product-type.bundle.ui-testing";
		};
/* End PBXNativeTarget section */

/* Begin PBXProject section */
		DF2EA9AD27CFAB92001A5020 /* Project object */ = {
			isa = PBXProject;
			attributes = {
				BuildIndependentTargetsInParallel = 1;
				LastSwiftUpdateCheck = 1320;
				LastUpgradeCheck = 1320;
				TargetAttributes = {
					DF2EA9B427CFAB92001A5020 = {
						CreatedOnToolsVersion = 13.2.1;
					};
					DF2EA9C427CFAB93001A5020 = {
						CreatedOnToolsVersion = 13.2.1;
						TestTargetID = DF2EA9B427CFAB92001A5020;
					};
					DF2EA9CE27CFAB93001A5020 = {
						CreatedOnToolsVersion = 13.2.1;
						TestTargetID = DF2EA9B427CFAB92001A5020;
					};
				};
			};
			buildConfigurationList = DF2EA9B027CFAB92001A5020 /* Build configuration list for PBXProject "Landmarks" */;
			compatibilityVersion = "Xcode 13.0";
			developmentRegion = en;
			hasScannedForEncodings = 0;
			knownRegions = (
				en,
				Base,
			);
			mainGroup = DF2EA9AC27CFAB92001A5020;
			productRefGroup = DF2EA9B627CFAB92001A5020 /* Products */;
			projectDirPath = "";
			projectRoot = "";
			targets = (
				DF2EA9B427CFAB92001A5020 /* Landmarks */,
				DF2EA9C427CFAB93001A5020 /* LandmarksTests */,
				DF2EA9CE27CFAB93001A5020 /* LandmarksUITests */,
			);
		};
/* End PBXProject section */

/* Begin PBXResourcesBuildPhase section */
		DF2EA9B327CFAB92001A5020 /* Resources */ = {
			isa = PBXResourcesBuildPhase;
			buildActionMask = 2147483647;
			files = (
				DF2EAA0827D3DED0001A5020 /* hikeData.json in Resources */,
				DF2EA9C027CFAB93001A5020 /* Preview Assets.xcassets in Resources */,
				DF2EA9BD27CFAB93001A5020 /* Assets.xcassets in Resources */,
				DF2EA9E727D105FA001A5020 /* landmarkData.json in Resources */,
			);
			runOnlyForDeploymentPostprocessing = 0;
		};
		DF2EA9C327CFAB93001A5020 /* Resources */ = {
			isa = PBXResourcesBuildPhase;
			buildActionMask = 2147483647;
			files = (
			);
			runOnlyForDeploymentPostprocessing = 0;
		};
		DF2EA9CD27CFAB93001A5020 /* Resources */ = {
			isa = PBXResourcesBuildPhase;
			buildActionMask = 2147483647;
			files = (
			);
			runOnlyForDeploymentPostprocessing = 0;
		};
/* End PBXResourcesBuildPhase section */

/* Begin PBXSourcesBuildPhase section */
		DF2EA9B127CFAB92001A5020 /* Sources */ = {
			isa = PBXSourcesBuildPhase;
			buildActionMask = 2147483647;
			files = (
				DF2EA9BB27CFAB92001A5020 /* ContentView.swift in Sources */,
				DF2EAA1127D3E8AB001A5020 /* HikeGraph.swift in Sources */,
				DF2EAA0527D3D8FF001A5020 /* Badge.swift in Sources */,
				DF2EA9E527D0FBB1001A5020 /* MapView.swift in Sources */,
				DF2EAA1027D3E8AB001A5020 /* GraphCapsule.swift in Sources */,
				DF2EA9B927CFAB92001A5020 /* LandmarksApp.swift in Sources */,
				DF2EA9F927D2ADEA001A5020 /* FavoriteButton.swift in Sources */,
				DF2EAA1227D3E8AB001A5020 /* HikeDetail.swift in Sources */,
				DF2EA9FD27D3CB03001A5020 /* HexagonParameters.swift in Sources */,
				DF2EAA0A27D3E779001A5020 /* Hike.swift in Sources */,
				DF2EAA0327D3D82E001A5020 /* RotatedBadgeSymbol.swift in Sources */,
				DF2EAA0127D3D604001A5020 /* BadgeSymbol.swift in Sources */,
				DF2EA9E327D0F9E4001A5020 /* CircularImage.swift in Sources */,
				DF2EAA1327D3E8AB001A5020 /* HikeView.swift in Sources */,
				DF2EA9F427D252AF001A5020 /* LandmarkDetail.swift in Sources */,
				DF2EA9FF27D3CDE9001A5020 /* BadgeBackground.swift in Sources */,
				DF2EA9E927D1061E001A5020 /* Landmark.swift in Sources */,
				DF2EA9F027D10DF6001A5020 /* LandmarkRow.swift in Sources */,
				DF2EA9EB27D10847001A5020 /* ModelData.swift in Sources */,
				DF2EA9F227D158FA001A5020 /* LandmarksList.swift in Sources */,
			);
			runOnlyForDeploymentPostprocessing = 0;
		};
		DF2EA9C127CFAB93001A5020 /* Sources */ = {
			isa = PBXSourcesBuildPhase;
			buildActionMask = 2147483647;
			files = (
				DF2EA9CA27CFAB93001A5020 /* LandmarksTests.swift in Sources */,
			);
			runOnlyForDeploymentPostprocessing = 0;
		};
		DF2EA9CB27CFAB93001A5020 /* Sources */ = {
			isa = PBXSourcesBuildPhase;
			buildActionMask = 2147483647;
			files = (
				DF2EA9D627CFAB93001A5020 /* LandmarksUITestsLaunchTests.swift in Sources */,
				DF2EA9D427CFAB93001A5020 /* LandmarksUITests.swift in Sources */,
			);
			runOnlyForDeploymentPostprocessing = 0;
		};
/* End PBXSourcesBuildPhase section */

/* Begin PBXTargetDependency section */
		DF2EA9C727CFAB93001A5020 /* PBXTargetDependency */ = {
			isa = PBXTargetDependency;
			target = DF2EA9B427CFAB92001A5020 /* Landmarks */;
			targetProxy = DF2EA9C627CFAB93001A5020 /* PBXContainerItemProxy */;
		};
		DF2EA9D127CFAB93001A5020 /* PBXTargetDependency */ = {
			isa = PBXTargetDependency;
			target = DF2EA9B427CFAB92001A5020 /* Landmarks */;
			targetProxy = DF2EA9D027CFAB93001A5020 /* PBXContainerItemProxy */;
		};
/* End PBXTargetDependency section */

/* Begin XCBuildConfiguration section */
		DF2EA9D727CFAB93001A5020 /* Debug */ = {
			isa = XCBuildConfiguration;
			buildSettings = {
				ALWAYS_SEARCH_USER_PATHS = NO;
				CLANG_ANALYZER_NONNULL = YES;
				CLANG_ANALYZER_NUMBER_OBJECT_CONVERSION = YES_AGGRESSIVE;
				CLANG_CXX_LANGUAGE_STANDARD = "gnu++17";
				CLANG_CXX_LIBRARY = "libc++";
				CLANG_ENABLE_MODULES = YES;
				CLANG_ENABLE_OBJC_ARC = YES;
				CLANG_ENABLE_OBJC_WEAK = YES;
				CLANG_WARN_BLOCK_CAPTURE_AUTORELEASING = YES;
				CLANG_WARN_BOOL_CONVERSION = YES;
				CLANG_WARN_COMMA = YES;
				CLANG_WARN_CONSTANT_CONVERSION = YES;
				CLANG_WARN_DEPRECATED_OBJC_IMPLEMENTATIONS = YES;
				CLANG_WARN_DIRECT_OBJC_ISA_USAGE = YES_ERROR;
				CLANG_WARN_DOCUMENTATION_COMMENTS = YES;
				CLANG_WARN_EMPTY_BODY = YES;
				CLANG_WARN_ENUM_CONVERSION = YES;
				CLANG_WARN_INFINITE_RECURSION = YES;
				CLANG_WARN_INT_CONVERSION = YES;
				CLANG_WARN_NON_LITERAL_NULL_CONVERSION = YES;
				CLANG_WARN_OBJC_IMPLICIT_RETAIN_SELF = YES;
				CLANG_WARN_OBJC_LITERAL_CONVERSION = YES;
				CLANG_WARN_OBJC_ROOT_CLASS = YES_ERROR;
				CLANG_WARN_QUOTED_INCLUDE_IN_FRAMEWORK_HEADER = YES;
				CLANG_WARN_RANGE_LOOP_ANALYSIS = YES;
				CLANG_WARN_STRICT_PROTOTYPES = YES;
				CLANG_WARN_SUSPICIOUS_MOVE = YES;
				CLANG_WARN_UNGUARDED_AVAILABILITY = YES_AGGRESSIVE;
				CLANG_WARN_UNREACHABLE_CODE = YES;
				CLANG_WARN__DUPLICATE_METHOD_MATCH = YES;
				COPY_PHASE_STRIP = NO;
				DEBUG_INFORMATION_FORMAT = dwarf;
				ENABLE_STRICT_OBJC_MSGSEND = YES;
				ENABLE_TESTABILITY = YES;
				GCC_C_LANGUAGE_STANDARD = gnu11;
				GCC_DYNAMIC_NO_PIC = NO;
				GCC_NO_COMMON_BLOCKS = YES;
				GCC_OPTIMIZATION_LEVEL = 0;
				GCC_PREPROCESSOR_DEFINITIONS = (
					"DEBUG=1",
					"$(inherited)",
				);
				GCC_WARN_64_TO_32_BIT_CONVERSION = YES;
				GCC_WARN_ABOUT_RETURN_TYPE = YES_ERROR;
				GCC_WARN_UNDECLARED_SELECTOR = YES;
				GCC_WARN_UNINITIALIZED_AUTOS = YES_AGGRESSIVE;
				GCC_WARN_UNUSED_FUNCTION = YES;
				GCC_WARN_UNUSED_VARIABLE = YES;
				IPHONEOS_DEPLOYMENT_TARGET = 15.2;
				MTL_ENABLE_DEBUG_INFO = INCLUDE_SOURCE;
				MTL_FAST_MATH = YES;
				ONLY_ACTIVE_ARCH = YES;
				SDKROOT = iphoneos;
				SWIFT_ACTIVE_COMPILATION_CONDITIONS = DEBUG;
				SWIFT_OPTIMIZATION_LEVEL = "-Onone";
			};
			name = Debug;
		};
		DF2EA9D827CFAB93001A5020 /* Release */ = {
			isa = XCBuildConfiguration;
			buildSettings = {
				ALWAYS_SEARCH_USER_PATHS = NO;
				CLANG_ANALYZER_NONNULL = YES;
				CLANG_ANALYZER_NUMBER_OBJECT_CONVERSION = YES_AGGRESSIVE;
				CLANG_CXX_LANGUAGE_STANDARD = "gnu++17";
				CLANG_CXX_LIBRARY = "libc++";
				CLANG_ENABLE_MODULES = YES;
				CLANG_ENABLE_OBJC_ARC = YES;
				CLANG_ENABLE_OBJC_WEAK = YES;
				CLANG_WARN_BLOCK_CAPTURE_AUTORELEASING = YES;
				CLANG_WARN_BOOL_CONVERSION = YES;
				CLANG_WARN_COMMA = YES;
				CLANG_WARN_CONSTANT_CONVERSION = YES;
				CLANG_WARN_DEPRECATED_OBJC_IMPLEMENTATIONS = YES;
				CLANG_WARN_DIRECT_OBJC_ISA_USAGE = YES_ERROR;
				CLANG_WARN_DOCUMENTATION_COMMENTS = YES;
				CLANG_WARN_EMPTY_BODY = YES;
				CLANG_WARN_ENUM_CONVERSION = YES;
				CLANG_WARN_INFINITE_RECURSION = YES;
				CLANG_WARN_INT_CONVERSION = YES;
				CLANG_WARN_NON_LITERAL_NULL_CONVERSION = YES;
				CLANG_WARN_OBJC_IMPLICIT_RETAIN_SELF = YES;
				CLANG_WARN_OBJC_LITERAL_CONVERSION = YES;
				CLANG_WARN_OBJC_ROOT_CLASS = YES_ERROR;
				CLANG_WARN_QUOTED_INCLUDE_IN_FRAMEWORK_HEADER = YES;
				CLANG_WARN_RANGE_LOOP_ANALYSIS = YES;
				CLANG_WARN_STRICT_PROTOTYPES = YES;
				CLANG_WARN_SUSPICIOUS_MOVE = YES;
				CLANG_WARN_UNGUARDED_AVAILABILITY = YES_AGGRESSIVE;
				CLANG_WARN_UNREACHABLE_CODE = YES;
				CLANG_WARN__DUPLICATE_METHOD_MATCH = YES;
				COPY_PHASE_STRIP = NO;
				DEBUG_INFORMATION_FORMAT = "dwarf-with-dsym";
				ENABLE_NS_ASSERTIONS = NO;
				ENABLE_STRICT_OBJC_MSGSEND = YES;
				GCC_C_LANGUAGE_STANDARD = gnu11;
				GCC_NO_COMMON_BLOCKS = YES;
				GCC_WARN_64_TO_32_BIT_CONVERSION = YES;
				GCC_WARN_ABOUT_RETURN_TYPE = YES_ERROR;
				GCC_WARN_UNDECLARED_SELECTOR = YES;
				GCC_WARN_UNINITIALIZED_AUTOS = YES_AGGRESSIVE;
				GCC_WARN_UNUSED_FUNCTION = YES;
				GCC_WARN_UNUSED_VARIABLE = YES;
				IPHONEOS_DEPLOYMENT_TARGET = 15.2;
				MTL_ENABLE_DEBUG_INFO = NO;
				MTL_FAST_MATH = YES;
				SDKROOT = iphoneos;
				SWIFT_COMPILATION_MODE = wholemodule;
				SWIFT_OPTIMIZATION_LEVEL = "-O";
				VALIDATE_PRODUCT = YES;
			};
			name = Release;
		};
		DF2EA9DA27CFAB93001A5020 /* Debug */ = {
			isa = XCBuildConfiguration;
			buildSettings = {
				ASSETCATALOG_COMPILER_APPICON_NAME = AppIcon;
				ASSETCATALOG_COMPILER_GLOBAL_ACCENT_COLOR_NAME = AccentColor;
				CODE_SIGN_STYLE = Automatic;
				CURRENT_PROJECT_VERSION = 1;
				DEVELOPMENT_ASSET_PATHS = "\"Landmarks/Preview Content\"";
				ENABLE_PREVIEWS = YES;
				GENERATE_INFOPLIST_FILE = YES;
				INFOPLIST_KEY_UIApplicationSceneManifest_Generation = YES;
				INFOPLIST_KEY_UIApplicationSupportsIndirectInputEvents = YES;
				INFOPLIST_KEY_UILaunchScreen_Generation = YES;
				INFOPLIST_KEY_UISupportedInterfaceOrientations_iPad = "UIInterfaceOrientationPortrait UIInterfaceOrientationPortraitUpsideDown UIInterfaceOrientationLandscapeLeft UIInterfaceOrientationLandscapeRight";
				INFOPLIST_KEY_UISupportedInterfaceOrientations_iPhone = "UIInterfaceOrientationPortrait UIInterfaceOrientationLandscapeLeft UIInterfaceOrientationLandscapeRight";
				LD_RUNPATH_SEARCH_PATHS = (
					"$(inherited)",
					"@executable_path/Frameworks",
				);
				MARKETING_VERSION = 1.0;
				PRODUCT_BUNDLE_IDENTIFIER = com.test.landmarks.Landmarks;
				PRODUCT_NAME = "$(TARGET_NAME)";
				SWIFT_EMIT_LOC_STRINGS = YES;
				SWIFT_VERSION = 5.0;
				TARGETED_DEVICE_FAMILY = "1,2";
			};
			name = Debug;
		};
		DF2EA9DB27CFAB93001A5020 /* Release */ = {
			isa = XCBuildConfiguration;
			buildSettings = {
				ASSETCATALOG_COMPILER_APPICON_NAME = AppIcon;
				ASSETCATALOG_COMPILER_GLOBAL_ACCENT_COLOR_NAME = AccentColor;
				CODE_SIGN_STYLE = Automatic;
				CURRENT_PROJECT_VERSION = 1;
				DEVELOPMENT_ASSET_PATHS = "\"Landmarks/Preview Content\"";
				ENABLE_PREVIEWS = YES;
				GENERATE_INFOPLIST_FILE = YES;
				INFOPLIST_KEY_UIApplicationSceneManifest_Generation = YES;
				INFOPLIST_KEY_UIApplicationSupportsIndirectInputEvents = YES;
				INFOPLIST_KEY_UILaunchScreen_Generation = YES;
				INFOPLIST_KEY_UISupportedInterfaceOrientations_iPad = "UIInterfaceOrientationPortrait UIInterfaceOrientationPortraitUpsideDown UIInterfaceOrientationLandscapeLeft UIInterfaceOrientationLandscapeRight";
				INFOPLIST_KEY_UISupportedInterfaceOrientations_iPhone = "UIInterfaceOrientationPortrait UIInterfaceOrientationLandscapeLeft UIInterfaceOrientationLandscapeRight";
				LD_RUNPATH_SEARCH_PATHS = (
					"$(inherited)",
					"@executable_path/Frameworks",
				);
				MARKETING_VERSION = 1.0;
				PRODUCT_BUNDLE_IDENTIFIER = com.test.landmarks.Landmarks;
				PRODUCT_NAME = "$(TARGET_NAME)";
				SWIFT_EMIT_LOC_STRINGS = YES;
				SWIFT_VERSION = 5.0;
				TARGETED_DEVICE_FAMILY = "1,2";
			};
			name = Release;
		};
		DF2EA9DD27CFAB93001A5020 /* Debug */ = {
			isa = XCBuildConfiguration;
			buildSettings = {
				ALWAYS_EMBED_SWIFT_STANDARD_LIBRARIES = YES;
				BUNDLE_LOADER = "$(TEST_HOST)";
				CODE_SIGN_STYLE = Automatic;
				CURRENT_PROJECT_VERSION = 1;
				GENERATE_INFOPLIST_FILE = YES;
				IPHONEOS_DEPLOYMENT_TARGET = 15.2;
				MARKETING_VERSION = 1.0;
				PRODUCT_BUNDLE_IDENTIFIER = com.test.landmarks.LandmarksTests;
				PRODUCT_NAME = "$(TARGET_NAME)";
				SWIFT_EMIT_LOC_STRINGS = NO;
				SWIFT_VERSION = 5.0;
				TARGETED_DEVICE_FAMILY = "1,2";
				TEST_HOST = "$(BUILT_PRODUCTS_DIR)/Landmarks.app/Landmarks";
			};
			name = Debug;
		};
		DF2EA9DE27CFAB93001A5020 /* Release */ = {
			isa = XCBuildConfiguration;
			buildSettings = {
				ALWAYS_EMBED_SWIFT_STANDARD_LIBRARIES = YES;
				BUNDLE_LOADER = "$(TEST_HOST)";
				CODE_SIGN_STYLE = Automatic;
				CURRENT_PROJECT_VERSION = 1;
				GENERATE_INFOPLIST_FILE = YES;
				IPHONEOS_DEPLOYMENT_TARGET = 15.2;
				MARKETING_VERSION = 1.0;
				PRODUCT_BUNDLE_IDENTIFIER = com.test.landmarks.LandmarksTests;
				PRODUCT_NAME = "$(TARGET_NAME)";
				SWIFT_EMIT_LOC_STRINGS = NO;
				SWIFT_VERSION = 5.0;
				TARGETED_DEVICE_FAMILY = "1,2";
				TEST_HOST = "$(BUILT_PRODUCTS_DIR)/Landmarks.app/Landmarks";
			};
			name = Release;
		};
		DF2EA9E027CFAB93001A5020 /* Debug */ = {
			isa = XCBuildConfiguration;
			buildSettings = {
				ALWAYS_EMBED_SWIFT_STANDARD_LIBRARIES = YES;
				CODE_SIGN_STYLE = Automatic;
				CURRENT_PROJECT_VERSION = 1;
				GENERATE_INFOPLIST_FILE = YES;
				MARKETING_VERSION = 1.0;
				PRODUCT_BUNDLE_IDENTIFIER = com.test.landmarks.LandmarksUITests;
				PRODUCT_NAME = "$(TARGET_NAME)";
				SWIFT_EMIT_LOC_STRINGS = NO;
				SWIFT_VERSION = 5.0;
				TARGETED_DEVICE_FAMILY = "1,2";
				TEST_TARGET_NAME = Landmarks;
			};
			name = Debug;
		};
		DF2EA9E127CFAB93001A5020 /* Release */ = {
			isa = XCBuildConfiguration;
			buildSettings = {
				ALWAYS_EMBED_SWIFT_STANDARD_LIBRARIES = YES;
				CODE_SIGN_STYLE = Automatic;
				CURRENT_PROJECT_VERSION = 1;
				GENERATE_INFOPLIST_FILE = YES;
				MARKETING_VERSION = 1.0;
				PRODUCT_BUNDLE_IDENTIFIER = com.test.landmarks.LandmarksUITests;
				PRODUCT_NAME = "$(TARGET_NAME)";
				SWIFT_EMIT_LOC_STRINGS = NO;
				SWIFT_VERSION = 5.0;
				TARGETED_DEVICE_FAMILY = "1,2";
				TEST_TARGET_NAME = Landmarks;
			};
			name = Release;
		};
/* End XCBuildConfiguration section */

/* Begin XCConfigurationList section */
		DF2EA9B027CFAB92001A5020 /* Build configuration list for PBXProject "Landmarks" */ = {
			isa = XCConfigurationList;
			buildConfigurations = (
				DF2EA9D727CFAB93001A5020 /* Debug */,
				DF2EA9D827CFAB93001A5020 /* Release */,
			);
			defaultConfigurationIsVisible = 0;
			defaultConfigurationName = Release;
		};
		DF2EA9D927CFAB93001A5020 /* Build configuration list for PBXNativeTarget "Landmarks" */ = {
			isa = XCConfigurationList;
			buildConfigurations = (
				DF2EA9DA27CFAB93001A5020 /* Debug */,
				DF2EA9DB27CFAB93001A5020 /* Release */,
			);
			defaultConfigurationIsVisible = 0;
			defaultConfigurationName = Release;
		};
		DF2EA9DC27CFAB93001A5020 /* Build configuration list for PBXNativeTarget "LandmarksTests" */ = {
			isa = XCConfigurationList;
			buildConfigurations = (
				DF2EA9DD27CFAB93001A5020 /* Debug */,
				DF2EA9DE27CFAB93001A5020 /* Release */,
			);
			defaultConfigurationIsVisible = 0;
			defaultConfigurationName = Release;
		};
		DF2EA9DF27CFAB93001A5020 /* Build configuration list for PBXNativeTarget "LandmarksUITests" */ = {
			isa = XCConfigurationList;
			buildConfigurations = (
				DF2EA9E027CFAB93001A5020 /* Debug */,
				DF2EA9E127CFAB93001A5020 /* Release */,
			);
			defaultConfigurationIsVisible = 0;
			defaultConfigurationName = Release;
		};
/* End XCConfigurationList section */
	};
	rootObject = DF2EA9AD27CFAB92001A5020 /* Project object */;
}
